
Microsoft Visual Studio Solution File, Format Version 12.00
# Visual Studio Version 16
VisualStudioVersion = 16.0.30523.141
MinimumVisualStudioVersion = 10.0.40219.1
Project("{FAE04EC0-301F-11D3-BF4B-00C04F79EFBC}") = "AssignmentMID_38958", "AssignmentMID_38958\AssignmentMID_38958.csproj", "{5A00B5F0-06E5-428C-BCB2-CB8A341EC70F}"
EndProject
Global
	GlobalSection(SolutionConfigurationPlatforms) = preSolution
		Debug|Any CPU = Debug|Any CPU
		Release|Any CPU = Release|Any CPU
	EndGlobalSection
	GlobalSection(ProjectConfigurationPlatforms) = postSolution
		{5A00B5F0-06E5-428C-BCB2-CB8A341EC70F}.Debug|Any CPU.ActiveCfg = Debug|Any CPU
		{5A00B5F0-06E5-428C-BCB2-CB8A341EC70F}.Debug|Any CPU.Build.0 = Debug|Any CPU
		{5A00B5F0-06E5-428C-BCB2-CB8A341EC70F}.Release|Any CPU.ActiveCfg = Release|Any CPU
		{5A00B5F0-06E5-428C-BCB2-CB8A341EC70F}.Release|Any CPU.Build.0 = Release|Any CPU
	EndGlobalSection
	GlobalSection(SolutionProperties) = preSolution
		HideSolutionNode = FALSE
	EndGlobalSection
	GlobalSection(ExtensibilityGlobals) = postSolution
		SolutionGuid = {65270581-7910-41A6-B428-5A6958B43AD5}
	EndGlobalSection
EndGlobal
